
Microsoft Visual Studio Solution File, Format Version 12.00
# Visual Studio 15
VisualStudioVersion = 15.0.27130.2024
MinimumVisualStudioVersion = 10.0.40219.1
Project("{9A19103F-16F7-4668-BE54-9A1E7A4F7556}") = "IsMatch", "IsMatch\IsMatch.csproj", "{1BDDFCDC-2733-412F-9D87-D0B27A149B33}"
EndProject
Project("{9A19103F-16F7-4668-BE54-9A1E7A4F7556}") = "TodoApi", "TodoApi\TodoApi.csproj", "{F693C27C-0005-486F-A3C1-C883DC4B9895}"
EndProject
Project("{FAE04EC0-301F-11D3-BF4B-00C04F79EFBC}") = "Sky.Util", "Sky.Util\Sky.Util.csproj", "{CA81F95F-58C1-4167-9DB2-9A9C195652E4}"
EndProject
Project("{FAE04EC0-301F-11D3-BF4B-00C04F79EFBC}") = "Sky.Util.Tests", "Sky.Util.Tests\Sky.Util.Tests.csproj", "{59288EC2-C885-46D3-A494-2EB441B546D9}"
EndProject
Project("{2150E333-8FDC-42A3-9474-1A3956D46DE8}") = "01.Core", "01.Core", "{5EAEAAD3-704F-4BE2-905A-C4485DC4DD34}"
EndProject
Project("{2150E333-8FDC-42A3-9474-1A3956D46DE8}") = "02.Domain", "02.Domain", "{B678E6E4-989D-4714-A54F-2D8F57119060}"
EndProject
Project("{FAE04EC0-301F-11D3-BF4B-00C04F79EFBC}") = "Sky.Domains", "Sky.Domains\Sky.Domains.csproj", "{6A2BB108-91DB-48B1-994E-A12CDF3E8974}"
EndProject
Project("{2150E333-8FDC-42A3-9474-1A3956D46DE8}") = "03.Web", "03.Web", "{F7F40BC9-7BCB-4150-AB3C-E6BC5C1731BC}"
EndProject
Project("{2150E333-8FDC-42A3-9474-1A3956D46DE8}") = "04.WebApi", "04.WebApi", "{727A3761-C3FC-4FBD-9130-28F25D6E8F38}"
EndProject
Project("{2150E333-8FDC-42A3-9474-1A3956D46DE8}") = "05.Test", "05.Test", "{9DF145A9-AB88-4491-968C-00A0B4AA17B8}"
EndProject
Project("{9A19103F-16F7-4668-BE54-9A1E7A4F7556}") = "MyTest", "MyTest\MyTest.csproj", "{A27A52C2-C147-4C75-AFF1-2FEF06C95494}"
EndProject
Project("{2150E333-8FDC-42A3-9474-1A3956D46DE8}") = "06.Crawler", "06.Crawler", "{46EA459A-BA97-48FA-A6C2-1C4CDA331EFA}"
EndProject
Project("{9A19103F-16F7-4668-BE54-9A1E7A4F7556}") = "Sky.Crawler", "Sky.Crawler\Sky.Crawler.csproj", "{EDF6BA61-CD87-4DA4-A3AA-586AC6E5CC0C}"
EndProject
Global
	GlobalSection(SolutionConfigurationPlatforms) = preSolution
		Debug|Any CPU = Debug|Any CPU
		Release|Any CPU = Release|Any CPU
	EndGlobalSection
	GlobalSection(ProjectConfigurationPlatforms) = postSolution
		{1BDDFCDC-2733-412F-9D87-D0B27A149B33}.Debug|Any CPU.ActiveCfg = Debug|Any CPU
		{1BDDFCDC-2733-412F-9D87-D0B27A149B33}.Debug|Any CPU.Build.0 = Debug|Any CPU
		{1BDDFCDC-2733-412F-9D87-D0B27A149B33}.Release|Any CPU.ActiveCfg = Release|Any CPU
		{1BDDFCDC-2733-412F-9D87-D0B27A149B33}.Release|Any CPU.Build.0 = Release|Any CPU
		{F693C27C-0005-486F-A3C1-C883DC4B9895}.Debug|Any CPU.ActiveCfg = Debug|Any CPU
		{F693C27C-0005-486F-A3C1-C883DC4B9895}.Debug|Any CPU.Build.0 = Debug|Any CPU
		{F693C27C-0005-486F-A3C1-C883DC4B9895}.Release|Any CPU.ActiveCfg = Release|Any CPU
		{F693C27C-0005-486F-A3C1-C883DC4B9895}.Release|Any CPU.Build.0 = Release|Any CPU
		{CA81F95F-58C1-4167-9DB2-9A9C195652E4}.Debug|Any CPU.ActiveCfg = Debug|Any CPU
		{CA81F95F-58C1-4167-9DB2-9A9C195652E4}.Debug|Any CPU.Build.0 = Debug|Any CPU
		{CA81F95F-58C1-4167-9DB2-9A9C195652E4}.Release|Any CPU.ActiveCfg = Release|Any CPU
		{CA81F95F-58C1-4167-9DB2-9A9C195652E4}.Release|Any CPU.Build.0 = Release|Any CPU
		{59288EC2-C885-46D3-A494-2EB441B546D9}.Debug|Any CPU.ActiveCfg = Debug|Any CPU
		{59288EC2-C885-46D3-A494-2EB441B546D9}.Debug|Any CPU.Build.0 = Debug|Any CPU
		{59288EC2-C885-46D3-A494-2EB441B546D9}.Release|Any CPU.ActiveCfg = Release|Any CPU
		{59288EC2-C885-46D3-A494-2EB441B546D9}.Release|Any CPU.Build.0 = Release|Any CPU
		{6A2BB108-91DB-48B1-994E-A12CDF3E8974}.Debug|Any CPU.ActiveCfg = Debug|Any CPU
		{6A2BB108-91DB-48B1-994E-A12CDF3E8974}.Debug|Any CPU.Build.0 = Debug|Any CPU
		{6A2BB108-91DB-48B1-994E-A12CDF3E8974}.Release|Any CPU.ActiveCfg = Release|Any CPU
		{6A2BB108-91DB-48B1-994E-A12CDF3E8974}.Release|Any CPU.Build.0 = Release|Any CPU
		{A27A52C2-C147-4C75-AFF1-2FEF06C95494}.Debug|Any CPU.ActiveCfg = Debug|Any CPU
		{A27A52C2-C147-4C75-AFF1-2FEF06C95494}.Debug|Any CPU.Build.0 = Debug|Any CPU
		{A27A52C2-C147-4C75-AFF1-2FEF06C95494}.Release|Any CPU.ActiveCfg = Release|Any CPU
		{A27A52C2-C147-4C75-AFF1-2FEF06C95494}.Release|Any CPU.Build.0 = Release|Any CPU
		{EDF6BA61-CD87-4DA4-A3AA-586AC6E5CC0C}.Debug|Any CPU.ActiveCfg = Debug|Any CPU
		{EDF6BA61-CD87-4DA4-A3AA-586AC6E5CC0C}.Debug|Any CPU.Build.0 = Debug|Any CPU
		{EDF6BA61-CD87-4DA4-A3AA-586AC6E5CC0C}.Release|Any CPU.ActiveCfg = Release|Any CPU
		{EDF6BA61-CD87-4DA4-A3AA-586AC6E5CC0C}.Release|Any CPU.Build.0 = Release|Any CPU
	EndGlobalSection
	GlobalSection(SolutionProperties) = preSolution
		HideSolutionNode = FALSE
	EndGlobalSection
	GlobalSection(NestedProjects) = preSolution
		{1BDDFCDC-2733-412F-9D87-D0B27A149B33} = {F7F40BC9-7BCB-4150-AB3C-E6BC5C1731BC}
		{F693C27C-0005-486F-A3C1-C883DC4B9895} = {727A3761-C3FC-4FBD-9130-28F25D6E8F38}
		{CA81F95F-58C1-4167-9DB2-9A9C195652E4} = {5EAEAAD3-704F-4BE2-905A-C4485DC4DD34}
		{59288EC2-C885-46D3-A494-2EB441B546D9} = {5EAEAAD3-704F-4BE2-905A-C4485DC4DD34}
		{6A2BB108-91DB-48B1-994E-A12CDF3E8974} = {B678E6E4-989D-4714-A54F-2D8F57119060}
		{A27A52C2-C147-4C75-AFF1-2FEF06C95494} = {9DF145A9-AB88-4491-968C-00A0B4AA17B8}
		{EDF6BA61-CD87-4DA4-A3AA-586AC6E5CC0C} = {46EA459A-BA97-48FA-A6C2-1C4CDA331EFA}
	EndGlobalSection
	GlobalSection(ExtensibilityGlobals) = postSolution
		SolutionGuid = {F5AFB4E8-0668-4BAB-9B0A-B3A65119DF2D}
	EndGlobalSection
EndGlobal
