
Microsoft Visual Studio Solution File, Format Version 12.00
# Visual Studio 15
VisualStudioVersion = 15.0.27130.2020
MinimumVisualStudioVersion = 10.0.40219.1
Project("{FAE04EC0-301F-11D3-BF4B-00C04F79EFBC}") = "IsMatch", "IsMatch\IsMatch.csproj", "{1BDDFCDC-2733-412F-9D87-D0B27A149B33}"
EndProject
Global
	GlobalSection(SolutionConfigurationPlatforms) = preSolution
		Debug|Any CPU = Debug|Any CPU
		Release|Any CPU = Release|Any CPU
	EndGlobalSection
	GlobalSection(ProjectConfigurationPlatforms) = postSolution
		{1BDDFCDC-2733-412F-9D87-D0B27A149B33}.Debug|Any CPU.ActiveCfg = Debug|Any CPU
		{1BDDFCDC-2733-412F-9D87-D0B27A149B33}.Debug|Any CPU.Build.0 = Debug|Any CPU
		{1BDDFCDC-2733-412F-9D87-D0B27A149B33}.Release|Any CPU.ActiveCfg = Release|Any CPU
		{1BDDFCDC-2733-412F-9D87-D0B27A149B33}.Release|Any CPU.Build.0 = Release|Any CPU
	EndGlobalSection
	GlobalSection(SolutionProperties) = preSolution
		HideSolutionNode = FALSE
	EndGlobalSection
	GlobalSection(ExtensibilityGlobals) = postSolution
		SolutionGuid = {F5AFB4E8-0668-4BAB-9B0A-B3A65119DF2D}
	EndGlobalSection
EndGlobal
